schema: '2.0'
stages:
  split:
    cmd: python src/data/split.py
    deps:
    - path: data/raw_data/raw.csv
      hash: md5
      md5: 617b56af2992376d5c3e91ad80823898
      size: 333757
    - path: src/data/split.py
      hash: md5
      md5: 3e23601fc7a7c7040857341a2d8c275a
      size: 593
    outs:
    - path: data/processed_data/X_test.csv
      hash: md5
      md5: b2af62a7e108b077aec89fa2622996db
      size: 52624
    - path: data/processed_data/X_train.csv
      hash: md5
      md5: 535251fa6c1a1d098cc7a36e0bd62f38
      size: 209468
    - path: data/processed_data/y_test.csv
      hash: md5
      md5: a051d29629c8bbb4cfb7e85c7f0315da
      size: 6456
    - path: data/processed_data/y_train.csv
      hash: md5
      md5: a9cd9d91da89f732843d72548f64ded3
      size: 25951
  normalize:
    cmd: python src/data/normalization.py
    deps:
    - path: data/processed_data/X_test.csv
      hash: md5
      md5: b2af62a7e108b077aec89fa2622996db
      size: 52624
    - path: data/processed_data/X_train.csv
      hash: md5
      md5: 535251fa6c1a1d098cc7a36e0bd62f38
      size: 209468
    - path: src/data/normalization.py
      hash: md5
      md5: 99de8077e4dbad88eb25187ef093eeee
      size: 614
    outs:
    - path: data/processed_data/X_test_scaled.csv
      hash: md5
      md5: 5e079189af6bd091d651a89fafb1c290
      size: 57026
    - path: data/processed_data/X_train_scaled.csv
      hash: md5
      md5: c1b80eb7f083888b625dd0369cf381f8
      size: 227497
  gridsearch:
    cmd: python src/models/gridsearch.py
    deps:
    - path: data/processed_data/X_train_scaled.csv
      hash: md5
      md5: c1b80eb7f083888b625dd0369cf381f8
      size: 227497
    - path: data/processed_data/y_train.csv
      hash: md5
      md5: a9cd9d91da89f732843d72548f64ded3
      size: 25951
    - path: src/models/gridsearch.py
      hash: md5
      md5: 70c1174e94534c0140a1086a8b6166e3
      size: 721
    outs:
    - path: models/best_params.pkl
      hash: md5
      md5: 17cdbee2968db5793d1131779eb035e6
      size: 93
  training:
    cmd: python src/models/train.py
    deps:
    - path: data/processed_data/X_train_scaled.csv
      hash: md5
      md5: c1b80eb7f083888b625dd0369cf381f8
      size: 227497
    - path: data/processed_data/y_train.csv
      hash: md5
      md5: a9cd9d91da89f732843d72548f64ded3
      size: 25951
    - path: models/best_params.pkl
      hash: md5
      md5: 17cdbee2968db5793d1131779eb035e6
      size: 93
    - path: src/models/train.py
      hash: md5
      md5: 95bcb49ec6c7d3c924f292c1b5c45330
      size: 361
    outs:
    - path: models/gbr_model.pkl
      hash: md5
      md5: d00cf9209d1b88cc27a786eaf553934f
      size: 548365
  evaluate:
    cmd: python src/models/evaluate.py
    deps:
    - path: data/processed_data/X_test_scaled.csv
      hash: md5
      md5: 5e079189af6bd091d651a89fafb1c290
      size: 57026
    - path: data/processed_data/y_test.csv
      hash: md5
      md5: a051d29629c8bbb4cfb7e85c7f0315da
      size: 6456
    - path: models/gbr_model.pkl
      hash: md5
      md5: d00cf9209d1b88cc27a786eaf553934f
      size: 548365
    - path: src/models/evaluate.py
      hash: md5
      md5: eb742738a618de9822fe8f243bee788f
      size: 579
    outs:
    - path: data/processed_data/prediction.csv
      hash: md5
      md5: b7e68ef20c2e3db82a5c8e7469e1ed91
      size: 6757
    - path: metrics/scores.json
      hash: md5
      md5: b760c036adface7bde0ce528c34c49e6
      size: 64
